// !$*UTF8*$!
{
	archiveVersion = 1;
	classes = {
	};
	objectVersion = 52;
	objects = {

/* Begin PBXBuildFile section */
		170E8FC0258F375C0086B34F /* SDWebImage in Frameworks */ = {isa = PBXBuildFile; productRef = 170E8FBF258F375C0086B34F /* SDWebImage */; };
		1741C59D258C8414000EEDC0 /* HomeBaseModel.swift in Sources */ = {isa = PBXBuildFile; fileRef = 1741C59C258C8414000EEDC0 /* HomeBaseModel.swift */; };
		1741C59F258C842A000EEDC0 /* RowsDataModel.swift in Sources */ = {isa = PBXBuildFile; fileRef = 1741C59E258C842A000EEDC0 /* RowsDataModel.swift */; };
		1741C5A1258C8456000EEDC0 /* HomeViewModel.swift in Sources */ = {isa = PBXBuildFile; fileRef = 1741C5A0258C8456000EEDC0 /* HomeViewModel.swift */; };
		1741C5A3258C8472000EEDC0 /* HomeTableViewCell.swift in Sources */ = {isa = PBXBuildFile; fileRef = 1741C5A2258C8472000EEDC0 /* HomeTableViewCell.swift */; };
		1741C5A6258C8533000EEDC0 /* Alamofire in Frameworks */ = {isa = PBXBuildFile; productRef = 1741C5A5258C8533000EEDC0 /* Alamofire */; };
		1741C5A9258C855B000EEDC0 /* SnapKit in Frameworks */ = {isa = PBXBuildFile; productRef = 1741C5A8258C855B000EEDC0 /* SnapKit */; };
		1741C5AB258DCF33000EEDC0 /* ReachabilityCheck.swift in Sources */ = {isa = PBXBuildFile; fileRef = 1741C5AA258DCF33000EEDC0 /* ReachabilityCheck.swift */; };
		17B182A425905BE6005E8176 /* .swiftlint.yml in Resources */ = {isa = PBXBuildFile; fileRef = 17B182A325905BE6005E8176 /* .swiftlint.yml */; };
		17CD77B2258B7F210033DE1D /* AppDelegate.swift in Sources */ = {isa = PBXBuildFile; fileRef = 17CD77B1258B7F210033DE1D /* AppDelegate.swift */; };
		17CD77B6258B7F210033DE1D /* HomeViewController.swift in Sources */ = {isa = PBXBuildFile; fileRef = 17CD77B5258B7F210033DE1D /* HomeViewController.swift */; };
		17CD77BB258B7F220033DE1D /* Assets.xcassets in Resources */ = {isa = PBXBuildFile; fileRef = 17CD77BA258B7F220033DE1D /* Assets.xcassets */; };
		17CD77BE258B7F220033DE1D /* LaunchScreen.storyboard in Resources */ = {isa = PBXBuildFile; fileRef = 17CD77BC258B7F220033DE1D /* LaunchScreen.storyboard */; };
		17CD77C9258B7F220033DE1D /* TelstraPOCTests.swift in Sources */ = {isa = PBXBuildFile; fileRef = 17CD77C8258B7F220033DE1D /* TelstraPOCTests.swift */; };
		17CD77D4258B7F220033DE1D /* TelstraPOCUITests.swift in Sources */ = {isa = PBXBuildFile; fileRef = 17CD77D3258B7F220033DE1D /* TelstraPOCUITests.swift */; };
/* End PBXBuildFile section */

/* Begin PBXContainerItemProxy section */
		17CD77C5258B7F220033DE1D /* PBXContainerItemProxy */ = {
			isa = PBXContainerItemProxy;
			containerPortal = 17CD77A6258B7F200033DE1D /* Project object */;
			proxyType = 1;
			remoteGlobalIDString = 17CD77AD258B7F210033DE1D;
			remoteInfo = TelstraPOC;
		};
		17CD77D0258B7F220033DE1D /* PBXContainerItemProxy */ = {
			isa = PBXContainerItemProxy;
			containerPortal = 17CD77A6258B7F200033DE1D /* Project object */;
			proxyType = 1;
			remoteGlobalIDString = 17CD77AD258B7F210033DE1D;
			remoteInfo = TelstraPOC;
		};
/* End PBXContainerItemProxy section */

/* Begin PBXFileReference section */
		1741C59C258C8414000EEDC0 /* HomeBaseModel.swift */ = {isa = PBXFileReference; lastKnownFileType = sourcecode.swift; path = HomeBaseModel.swift; sourceTree = "<group>"; };
		1741C59E258C842A000EEDC0 /* RowsDataModel.swift */ = {isa = PBXFileReference; lastKnownFileType = sourcecode.swift; path = RowsDataModel.swift; sourceTree = "<group>"; };
		1741C5A0258C8456000EEDC0 /* HomeViewModel.swift */ = {isa = PBXFileReference; lastKnownFileType = sourcecode.swift; path = HomeViewModel.swift; sourceTree = "<group>"; };
		1741C5A2258C8472000EEDC0 /* HomeTableViewCell.swift */ = {isa = PBXFileReference; lastKnownFileType = sourcecode.swift; path = HomeTableViewCell.swift; sourceTree = "<group>"; };
		1741C5AA258DCF33000EEDC0 /* ReachabilityCheck.swift */ = {isa = PBXFileReference; fileEncoding = 4; lastKnownFileType = sourcecode.swift; path = ReachabilityCheck.swift; sourceTree = "<group>"; };
		17B182A325905BE6005E8176 /* .swiftlint.yml */ = {isa = PBXFileReference; fileEncoding = 4; lastKnownFileType = text.yaml; path = .swiftlint.yml; sourceTree = "<group>"; };
		17CD77AE258B7F210033DE1D /* TelstraPOC.app */ = {isa = PBXFileReference; explicitFileType = wrapper.application; includeInIndex = 0; path = TelstraPOC.app; sourceTree = BUILT_PRODUCTS_DIR; };
		17CD77B1258B7F210033DE1D /* AppDelegate.swift */ = {isa = PBXFileReference; lastKnownFileType = sourcecode.swift; path = AppDelegate.swift; sourceTree = "<group>"; };
		17CD77B5258B7F210033DE1D /* HomeViewController.swift */ = {isa = PBXFileReference; lastKnownFileType = sourcecode.swift; path = HomeViewController.swift; sourceTree = "<group>"; };
		17CD77BA258B7F220033DE1D /* Assets.xcassets */ = {isa = PBXFileReference; lastKnownFileType = folder.assetcatalog; path = Assets.xcassets; sourceTree = "<group>"; };
		17CD77BD258B7F220033DE1D /* Base */ = {isa = PBXFileReference; lastKnownFileType = file.storyboard; name = Base; path = Base.lproj/LaunchScreen.storyboard; sourceTree = "<group>"; };
		17CD77BF258B7F220033DE1D /* Info.plist */ = {isa = PBXFileReference; lastKnownFileType = text.plist.xml; path = Info.plist; sourceTree = "<group>"; };
		17CD77C4258B7F220033DE1D /* TelstraPOCTests.xctest */ = {isa = PBXFileReference; explicitFileType = wrapper.cfbundle; includeInIndex = 0; path = TelstraPOCTests.xctest; sourceTree = BUILT_PRODUCTS_DIR; };
		17CD77C8258B7F220033DE1D /* TelstraPOCTests.swift */ = {isa = PBXFileReference; lastKnownFileType = sourcecode.swift; path = TelstraPOCTests.swift; sourceTree = "<group>"; };
		17CD77CA258B7F220033DE1D /* Info.plist */ = {isa = PBXFileReference; lastKnownFileType = text.plist.xml; path = Info.plist; sourceTree = "<group>"; };
		17CD77CF258B7F220033DE1D /* TelstraPOCUITests.xctest */ = {isa = PBXFileReference; explicitFileType = wrapper.cfbundle; includeInIndex = 0; path = TelstraPOCUITests.xctest; sourceTree = BUILT_PRODUCTS_DIR; };
		17CD77D3258B7F220033DE1D /* TelstraPOCUITests.swift */ = {isa = PBXFileReference; lastKnownFileType = sourcecode.swift; path = TelstraPOCUITests.swift; sourceTree = "<group>"; };
		17CD77D5258B7F220033DE1D /* Info.plist */ = {isa = PBXFileReference; lastKnownFileType = text.plist.xml; path = Info.plist; sourceTree = "<group>"; };
/* End PBXFileReference section */

/* Begin PBXFrameworksBuildPhase section */
		17CD77AB258B7F210033DE1D /* Frameworks */ = {
			isa = PBXFrameworksBuildPhase;
			buildActionMask = 2147483647;
			files = (
				1741C5A6258C8533000EEDC0 /* Alamofire in Frameworks */,
				1741C5A9258C855B000EEDC0 /* SnapKit in Frameworks */,
				170E8FC0258F375C0086B34F /* SDWebImage in Frameworks */,
			);
			runOnlyForDeploymentPostprocessing = 0;
		};
		17CD77C1258B7F220033DE1D /* Frameworks */ = {
			isa = PBXFrameworksBuildPhase;
			buildActionMask = 2147483647;
			files = (
			);
			runOnlyForDeploymentPostprocessing = 0;
		};
		17CD77CC258B7F220033DE1D /* Frameworks */ = {
			isa = PBXFrameworksBuildPhase;
			buildActionMask = 2147483647;
			files = (
			);
			runOnlyForDeploymentPostprocessing = 0;
		};
/* End PBXFrameworksBuildPhase section */

/* Begin PBXGroup section */
		1741C597258C838F000EEDC0 /* ViewModel */ = {
			isa = PBXGroup;
			children = (
				1741C5A0258C8456000EEDC0 /* HomeViewModel.swift */,
			);
			path = ViewModel;
			sourceTree = "<group>";
		};
		1741C598258C8390000EEDC0 /* Common */ = {
			isa = PBXGroup;
			children = (
				17B182A325905BE6005E8176 /* .swiftlint.yml */,
				1741C5AA258DCF33000EEDC0 /* ReachabilityCheck.swift */,
				17CD77B1258B7F210033DE1D /* AppDelegate.swift */,
			);
			path = Common;
			sourceTree = "<group>";
		};
		1741C599258C8390000EEDC0 /* Model */ = {
			isa = PBXGroup;
			children = (
				1741C59C258C8414000EEDC0 /* HomeBaseModel.swift */,
				1741C59E258C842A000EEDC0 /* RowsDataModel.swift */,
			);
			path = Model;
			sourceTree = "<group>";
		};
		1741C59A258C8390000EEDC0 /* View */ = {
			isa = PBXGroup;
			children = (
				1741C5A2258C8472000EEDC0 /* HomeTableViewCell.swift */,
			);
			path = View;
			sourceTree = "<group>";
		};
		1741C59B258C83B0000EEDC0 /* Controller */ = {
			isa = PBXGroup;
			children = (
				17CD77B5258B7F210033DE1D /* HomeViewController.swift */,
			);
			path = Controller;
			sourceTree = "<group>";
		};
		17CD77A5258B7F200033DE1D = {
			isa = PBXGroup;
			children = (
				17CD77B0258B7F210033DE1D /* TelstraPOC */,
				17CD77C7258B7F220033DE1D /* TelstraPOCTests */,
				17CD77D2258B7F220033DE1D /* TelstraPOCUITests */,
				17CD77AF258B7F210033DE1D /* Products */,
			);
			sourceTree = "<group>";
		};
		17CD77AF258B7F210033DE1D /* Products */ = {
			isa = PBXGroup;
			children = (
				17CD77AE258B7F210033DE1D /* TelstraPOC.app */,
				17CD77C4258B7F220033DE1D /* TelstraPOCTests.xctest */,
				17CD77CF258B7F220033DE1D /* TelstraPOCUITests.xctest */,
			);
			name = Products;
			sourceTree = "<group>";
		};
		17CD77B0258B7F210033DE1D /* TelstraPOC */ = {
			isa = PBXGroup;
			children = (
				1741C59B258C83B0000EEDC0 /* Controller */,
				1741C598258C8390000EEDC0 /* Common */,
				1741C599258C8390000EEDC0 /* Model */,
				1741C59A258C8390000EEDC0 /* View */,
				1741C597258C838F000EEDC0 /* ViewModel */,
				17CD77BA258B7F220033DE1D /* Assets.xcassets */,
				17CD77BC258B7F220033DE1D /* LaunchScreen.storyboard */,
				17CD77BF258B7F220033DE1D /* Info.plist */,
			);
			path = TelstraPOC;
			sourceTree = "<group>";
		};
		17CD77C7258B7F220033DE1D /* TelstraPOCTests */ = {
			isa = PBXGroup;
			children = (
				17CD77C8258B7F220033DE1D /* TelstraPOCTests.swift */,
				17CD77CA258B7F220033DE1D /* Info.plist */,
			);
			path = TelstraPOCTests;
			sourceTree = "<group>";
		};
		17CD77D2258B7F220033DE1D /* TelstraPOCUITests */ = {
			isa = PBXGroup;
			children = (
				17CD77D3258B7F220033DE1D /* TelstraPOCUITests.swift */,
				17CD77D5258B7F220033DE1D /* Info.plist */,
			);
			path = TelstraPOCUITests;
			sourceTree = "<group>";
		};
/* End PBXGroup section */

/* Begin PBXNativeTarget section */
		17CD77AD258B7F210033DE1D /* TelstraPOC */ = {
			isa = PBXNativeTarget;
			buildConfigurationList = 17CD77D8258B7F220033DE1D /* Build configuration list for PBXNativeTarget "TelstraPOC" */;
			buildPhases = (
				17CD77AA258B7F210033DE1D /* Sources */,
				17CD77AB258B7F210033DE1D /* Frameworks */,
				17CD77AC258B7F210033DE1D /* Resources */,
				17B1829E25902D7F005E8176 /* ShellScript */,
			);
			buildRules = (
			);
			dependencies = (
			);
			name = TelstraPOC;
			packageProductDependencies = (
				1741C5A5258C8533000EEDC0 /* Alamofire */,
				1741C5A8258C855B000EEDC0 /* SnapKit */,
				170E8FBF258F375C0086B34F /* SDWebImage */,
			);
			productName = TelstraPOC;
			productReference = 17CD77AE258B7F210033DE1D /* TelstraPOC.app */;
			productType = "com.apple.product-type.application";
		};
		17CD77C3258B7F220033DE1D /* TelstraPOCTests */ = {
			isa = PBXNativeTarget;
			buildConfigurationList = 17CD77DB258B7F220033DE1D /* Build configuration list for PBXNativeTarget "TelstraPOCTests" */;
			buildPhases = (
				17CD77C0258B7F220033DE1D /* Sources */,
				17CD77C1258B7F220033DE1D /* Frameworks */,
				17CD77C2258B7F220033DE1D /* Resources */,
			);
			buildRules = (
			);
			dependencies = (
				17CD77C6258B7F220033DE1D /* PBXTargetDependency */,
			);
			name = TelstraPOCTests;
			productName = TelstraPOCTests;
			productReference = 17CD77C4258B7F220033DE1D /* TelstraPOCTests.xctest */;
			productType = "com.apple.product-type.bundle.unit-test";
		};
		17CD77CE258B7F220033DE1D /* TelstraPOCUITests */ = {
			isa = PBXNativeTarget;
			buildConfigurationList = 17CD77DE258B7F220033DE1D /* Build configuration list for PBXNativeTarget "TelstraPOCUITests" */;
			buildPhases = (
				17CD77CB258B7F220033DE1D /* Sources */,
				17CD77CC258B7F220033DE1D /* Frameworks */,
				17CD77CD258B7F220033DE1D /* Resources */,
			);
			buildRules = (
			);
			dependencies = (
				17CD77D1258B7F220033DE1D /* PBXTargetDependency */,
			);
			name = TelstraPOCUITests;
			productName = TelstraPOCUITests;
			productReference = 17CD77CF258B7F220033DE1D /* TelstraPOCUITests.xctest */;
			productType = "com.apple.product-type.bundle.ui-testing";
		};
/* End PBXNativeTarget section */

/* Begin PBXProject section */
		17CD77A6258B7F200033DE1D /* Project object */ = {
			isa = PBXProject;
			attributes = {
				LastSwiftUpdateCheck = 1150;
				LastUpgradeCheck = 1150;
				ORGANIZATIONNAME = "Anil Gupta";
				TargetAttributes = {
					17CD77AD258B7F210033DE1D = {
						CreatedOnToolsVersion = 11.5;
					};
					17CD77C3258B7F220033DE1D = {
						CreatedOnToolsVersion = 11.5;
						TestTargetID = 17CD77AD258B7F210033DE1D;
					};
					17CD77CE258B7F220033DE1D = {
						CreatedOnToolsVersion = 11.5;
						TestTargetID = 17CD77AD258B7F210033DE1D;
					};
				};
			};
			buildConfigurationList = 17CD77A9258B7F200033DE1D /* Build configuration list for PBXProject "TelstraPOC" */;
			compatibilityVersion = "Xcode 9.3";
			developmentRegion = en;
			hasScannedForEncodings = 0;
			knownRegions = (
				en,
				Base,
			);
			mainGroup = 17CD77A5258B7F200033DE1D;
			packageReferences = (
				1741C5A4258C8533000EEDC0 /* XCRemoteSwiftPackageReference "Alamofire" */,
				1741C5A7258C855B000EEDC0 /* XCRemoteSwiftPackageReference "SnapKit" */,
				170E8FBE258F375B0086B34F /* XCRemoteSwiftPackageReference "SDWebImage" */,
			);
			productRefGroup = 17CD77AF258B7F210033DE1D /* Products */;
			projectDirPath = "";
			projectRoot = "";
			targets = (
				17CD77AD258B7F210033DE1D /* TelstraPOC */,
				17CD77C3258B7F220033DE1D /* TelstraPOCTests */,
				17CD77CE258B7F220033DE1D /* TelstraPOCUITests */,
			);
		};
/* End PBXProject section */

/* Begin PBXResourcesBuildPhase section */
		17CD77AC258B7F210033DE1D /* Resources */ = {
			isa = PBXResourcesBuildPhase;
			buildActionMask = 2147483647;
			files = (
				17B182A425905BE6005E8176 /* .swiftlint.yml in Resources */,
				17CD77BE258B7F220033DE1D /* LaunchScreen.storyboard in Resources */,
				17CD77BB258B7F220033DE1D /* Assets.xcassets in Resources */,
			);
			runOnlyForDeploymentPostprocessing = 0;
		};
		17CD77C2258B7F220033DE1D /* Resources */ = {
			isa = PBXResourcesBuildPhase;
			buildActionMask = 2147483647;
			files = (
			);
			runOnlyForDeploymentPostprocessing = 0;
		};
		17CD77CD258B7F220033DE1D /* Resources */ = {
			isa = PBXResourcesBuildPhase;
			buildActionMask = 2147483647;
			files = (
			);
			runOnlyForDeploymentPostprocessing = 0;
		};
/* End PBXResourcesBuildPhase section */

/* Begin PBXShellScriptBuildPhase section */
		17B1829E25902D7F005E8176 /* ShellScript */ = {
			isa = PBXShellScriptBuildPhase;
			buildActionMask = 2147483647;
			files = (
			);
			inputFileListPaths = (
			);
			inputPaths = (
			);
			outputFileListPaths = (
			);
			outputPaths = (
			);
			runOnlyForDeploymentPostprocessing = 0;
			shellPath = /bin/sh;
			shellScript = "# Type a script or drag a script file from your workspace to insert its path.\nif which swiftlint >/dev/null; then\n  swiftlint\nelse\n  echo \"warning: SwiftLint not installed, download from https://github.com/realm/SwiftLint\"\nfi\n";
		};
/* End PBXShellScriptBuildPhase section */

/* Begin PBXSourcesBuildPhase section */
		17CD77AA258B7F210033DE1D /* Sources */ = {
			isa = PBXSourcesBuildPhase;
			buildActionMask = 2147483647;
			files = (
				17CD77B6258B7F210033DE1D /* HomeViewController.swift in Sources */,
				1741C5AB258DCF33000EEDC0 /* ReachabilityCheck.swift in Sources */,
				1741C5A1258C8456000EEDC0 /* HomeViewModel.swift in Sources */,
				1741C5A3258C8472000EEDC0 /* HomeTableViewCell.swift in Sources */,
				17CD77B2258B7F210033DE1D /* AppDelegate.swift in Sources */,
				1741C59F258C842A000EEDC0 /* RowsDataModel.swift in Sources */,
				1741C59D258C8414000EEDC0 /* HomeBaseModel.swift in Sources */,
			);
			runOnlyForDeploymentPostprocessing = 0;
		};
		17CD77C0258B7F220033DE1D /* Sources */ = {
			isa = PBXSourcesBuildPhase;
			buildActionMask = 2147483647;
			files = (
				17CD77C9258B7F220033DE1D /* TelstraPOCTests.swift in Sources */,
			);
			runOnlyForDeploymentPostprocessing = 0;
		};
		17CD77CB258B7F220033DE1D /* Sources */ = {
			isa = PBXSourcesBuildPhase;
			buildActionMask = 2147483647;
			files = (
				17CD77D4258B7F220033DE1D /* TelstraPOCUITests.swift in Sources */,
			);
			runOnlyForDeploymentPostprocessing = 0;
		};
/* End PBXSourcesBuildPhase section */

/* Begin PBXTargetDependency section */
		17CD77C6258B7F220033DE1D /* PBXTargetDependency */ = {
			isa = PBXTargetDependency;
			target = 17CD77AD258B7F210033DE1D /* TelstraPOC */;
			targetProxy = 17CD77C5258B7F220033DE1D /* PBXContainerItemProxy */;
		};
		17CD77D1258B7F220033DE1D /* PBXTargetDependency */ = {
			isa = PBXTargetDependency;
			target = 17CD77AD258B7F210033DE1D /* TelstraPOC */;
			targetProxy = 17CD77D0258B7F220033DE1D /* PBXContainerItemProxy */;
		};
/* End PBXTargetDependency section */

/* Begin PBXVariantGroup section */
		17CD77BC258B7F220033DE1D /* LaunchScreen.storyboard */ = {
			isa = PBXVariantGroup;
			children = (
				17CD77BD258B7F220033DE1D /* Base */,
			);
			name = LaunchScreen.storyboard;
			sourceTree = "<group>";
		};
/* End PBXVariantGroup section */

/* Begin XCBuildConfiguration section */
		17CD77D6258B7F220033DE1D /* Debug */ = {
			isa = XCBuildConfiguration;
			buildSettings = {
				ALWAYS_SEARCH_USER_PATHS = NO;
				CLANG_ANALYZER_NONNULL = YES;
				CLANG_ANALYZER_NUMBER_OBJECT_CONVERSION = YES_AGGRESSIVE;
				CLANG_CXX_LANGUAGE_STANDARD = "gnu++14";
				CLANG_CXX_LIBRARY = "libc++";
				CLANG_ENABLE_MODULES = YES;
				CLANG_ENABLE_OBJC_ARC = YES;
				CLANG_ENABLE_OBJC_WEAK = YES;
				CLANG_WARN_BLOCK_CAPTURE_AUTORELEASING = YES;
				CLANG_WARN_BOOL_CONVERSION = YES;
				CLANG_WARN_COMMA = YES;
				CLANG_WARN_CONSTANT_CONVERSION = YES;
				CLANG_WARN_DEPRECATED_OBJC_IMPLEMENTATIONS = YES;
				CLANG_WARN_DIRECT_OBJC_ISA_USAGE = YES_ERROR;
				CLANG_WARN_DOCUMENTATION_COMMENTS = YES;
				CLANG_WARN_EMPTY_BODY = YES;
				CLANG_WARN_ENUM_CONVERSION = YES;
				CLANG_WARN_INFINITE_RECURSION = YES;
				CLANG_WARN_INT_CONVERSION = YES;
				CLANG_WARN_NON_LITERAL_NULL_CONVERSION = YES;
				CLANG_WARN_OBJC_IMPLICIT_RETAIN_SELF = YES;
				CLANG_WARN_OBJC_LITERAL_CONVERSION = YES;
				CLANG_WARN_OBJC_ROOT_CLASS = YES_ERROR;
				CLANG_WARN_RANGE_LOOP_ANALYSIS = YES;
				CLANG_WARN_STRICT_PROTOTYPES = YES;
				CLANG_WARN_SUSPICIOUS_MOVE = YES;
				CLANG_WARN_UNGUARDED_AVAILABILITY = YES_AGGRESSIVE;
				CLANG_WARN_UNREACHABLE_CODE = YES;
				CLANG_WARN__DUPLICATE_METHOD_MATCH = YES;
				COPY_PHASE_STRIP = NO;
				DEBUG_INFORMATION_FORMAT = dwarf;
				ENABLE_STRICT_OBJC_MSGSEND = YES;
				ENABLE_TESTABILITY = YES;
				GCC_C_LANGUAGE_STANDARD = gnu11;
				GCC_DYNAMIC_NO_PIC = NO;
				GCC_NO_COMMON_BLOCKS = YES;
				GCC_OPTIMIZATION_LEVEL = 0;
				GCC_PREPROCESSOR_DEFINITIONS = (
					"DEBUG=1",
					"$(inherited)",
				);
				GCC_WARN_64_TO_32_BIT_CONVERSION = YES;
				GCC_WARN_ABOUT_RETURN_TYPE = YES_ERROR;
				GCC_WARN_UNDECLARED_SELECTOR = YES;
				GCC_WARN_UNINITIALIZED_AUTOS = YES_AGGRESSIVE;
				GCC_WARN_UNUSED_FUNCTION = YES;
				GCC_WARN_UNUSED_VARIABLE = YES;
				IPHONEOS_DEPLOYMENT_TARGET = 12.0;
				MTL_ENABLE_DEBUG_INFO = INCLUDE_SOURCE;
				MTL_FAST_MATH = YES;
				ONLY_ACTIVE_ARCH = YES;
				SDKROOT = iphoneos;
				SWIFT_ACTIVE_COMPILATION_CONDITIONS = DEBUG;
				SWIFT_OPTIMIZATION_LEVEL = "-Onone";
			};
			name = Debug;
		};
		17CD77D7258B7F220033DE1D /* Release */ = {
			isa = XCBuildConfiguration;
			buildSettings = {
				ALWAYS_SEARCH_USER_PATHS = NO;
				CLANG_ANALYZER_NONNULL = YES;
				CLANG_ANALYZER_NUMBER_OBJECT_CONVERSION = YES_AGGRESSIVE;
				CLANG_CXX_LANGUAGE_STANDARD = "gnu++14";
				CLANG_CXX_LIBRARY = "libc++";
				CLANG_ENABLE_MODULES = YES;
				CLANG_ENABLE_OBJC_ARC = YES;
				CLANG_ENABLE_OBJC_WEAK = YES;
				CLANG_WARN_BLOCK_CAPTURE_AUTORELEASING = YES;
				CLANG_WARN_BOOL_CONVERSION = YES;
				CLANG_WARN_COMMA = YES;
				CLANG_WARN_CONSTANT_CONVERSION = YES;
				CLANG_WARN_DEPRECATED_OBJC_IMPLEMENTATIONS = YES;
				CLANG_WARN_DIRECT_OBJC_ISA_USAGE = YES_ERROR;
				CLANG_WARN_DOCUMENTATION_COMMENTS = YES;
				CLANG_WARN_EMPTY_BODY = YES;
				CLANG_WARN_ENUM_CONVERSION = YES;
				CLANG_WARN_INFINITE_RECURSION = YES;
				CLANG_WARN_INT_CONVERSION = YES;
				CLANG_WARN_NON_LITERAL_NULL_CONVERSION = YES;
				CLANG_WARN_OBJC_IMPLICIT_RETAIN_SELF = YES;
				CLANG_WARN_OBJC_LITERAL_CONVERSION = YES;
				CLANG_WARN_OBJC_ROOT_CLASS = YES_ERROR;
				CLANG_WARN_RANGE_LOOP_ANALYSIS = YES;
				CLANG_WARN_STRICT_PROTOTYPES = YES;
				CLANG_WARN_SUSPICIOUS_MOVE = YES;
				CLANG_WARN_UNGUARDED_AVAILABILITY = YES_AGGRESSIVE;
				CLANG_WARN_UNREACHABLE_CODE = YES;
				CLANG_WARN__DUPLICATE_METHOD_MATCH = YES;
				COPY_PHASE_STRIP = NO;
				DEBUG_INFORMATION_FORMAT = "dwarf-with-dsym";
				ENABLE_NS_ASSERTIONS = NO;
				ENABLE_STRICT_OBJC_MSGSEND = YES;
				GCC_C_LANGUAGE_STANDARD = gnu11;
				GCC_NO_COMMON_BLOCKS = YES;
				GCC_WARN_64_TO_32_BIT_CONVERSION = YES;
				GCC_WARN_ABOUT_RETURN_TYPE = YES_ERROR;
				GCC_WARN_UNDECLARED_SELECTOR = YES;
				GCC_WARN_UNINITIALIZED_AUTOS = YES_AGGRESSIVE;
				GCC_WARN_UNUSED_FUNCTION = YES;
				GCC_WARN_UNUSED_VARIABLE = YES;
				IPHONEOS_DEPLOYMENT_TARGET = 12.0;
				MTL_ENABLE_DEBUG_INFO = NO;
				MTL_FAST_MATH = YES;
				SDKROOT = iphoneos;
				SWIFT_COMPILATION_MODE = wholemodule;
				SWIFT_OPTIMIZATION_LEVEL = "-O";
				VALIDATE_PRODUCT = YES;
			};
			name = Release;
		};
		17CD77D9258B7F220033DE1D /* Debug */ = {
			isa = XCBuildConfiguration;
			buildSettings = {
				ASSETCATALOG_COMPILER_APPICON_NAME = AppIcon;
				CODE_SIGN_STYLE = Automatic;
				INFOPLIST_FILE = TelstraPOC/Info.plist;
				IPHONEOS_DEPLOYMENT_TARGET = 12.0;
				LD_RUNPATH_SEARCH_PATHS = (
					"$(inherited)",
					"@executable_path/Frameworks",
				);
				PRODUCT_BUNDLE_IDENTIFIER = com.infy.TelstraPOC;
				PRODUCT_NAME = "$(TARGET_NAME)";
				SWIFT_VERSION = 5.0;
				TARGETED_DEVICE_FAMILY = "1,2";
			};
			name = Debug;
		};
		17CD77DA258B7F220033DE1D /* Release */ = {
			isa = XCBuildConfiguration;
			buildSettings = {
				ASSETCATALOG_COMPILER_APPICON_NAME = AppIcon;
				CODE_SIGN_STYLE = Automatic;
				INFOPLIST_FILE = TelstraPOC/Info.plist;
				IPHONEOS_DEPLOYMENT_TARGET = 12.0;
				LD_RUNPATH_SEARCH_PATHS = (
					"$(inherited)",
					"@executable_path/Frameworks",
				);
				PRODUCT_BUNDLE_IDENTIFIER = com.infy.TelstraPOC;
				PRODUCT_NAME = "$(TARGET_NAME)";
				SWIFT_VERSION = 5.0;
				TARGETED_DEVICE_FAMILY = "1,2";
			};
			name = Release;
		};
		17CD77DC258B7F220033DE1D /* Debug */ = {
			isa = XCBuildConfiguration;
			buildSettings = {
				ALWAYS_EMBED_SWIFT_STANDARD_LIBRARIES = YES;
				BUNDLE_LOADER = "$(TEST_HOST)";
				CODE_SIGN_STYLE = Automatic;
				INFOPLIST_FILE = TelstraPOCTests/Info.plist;
				IPHONEOS_DEPLOYMENT_TARGET = 13.5;
				LD_RUNPATH_SEARCH_PATHS = (
					"$(inherited)",
					"@executable_path/Frameworks",
					"@loader_path/Frameworks",
				);
				PRODUCT_BUNDLE_IDENTIFIER = com.infy.TelstraPOCTests;
				PRODUCT_NAME = "$(TARGET_NAME)";
				SWIFT_VERSION = 5.0;
				TARGETED_DEVICE_FAMILY = "1,2";
				TEST_HOST = "$(BUILT_PRODUCTS_DIR)/TelstraPOC.app/TelstraPOC";
			};
			name = Debug;
		};
		17CD77DD258B7F220033DE1D /* Release */ = {
			isa = XCBuildConfiguration;
			buildSettings = {
				ALWAYS_EMBED_SWIFT_STANDARD_LIBRARIES = YES;
				BUNDLE_LOADER = "$(TEST_HOST)";
				CODE_SIGN_STYLE = Automatic;
				INFOPLIST_FILE = TelstraPOCTests/Info.plist;
				IPHONEOS_DEPLOYMENT_TARGET = 13.5;
				LD_RUNPATH_SEARCH_PATHS = (
					"$(inherited)",
					"@executable_path/Frameworks",
					"@loader_path/Frameworks",
				);
				PRODUCT_BUNDLE_IDENTIFIER = com.infy.TelstraPOCTests;
				PRODUCT_NAME = "$(TARGET_NAME)";
				SWIFT_VERSION = 5.0;
				TARGETED_DEVICE_FAMILY = "1,2";
				TEST_HOST = "$(BUILT_PRODUCTS_DIR)/TelstraPOC.app/TelstraPOC";
			};
			name = Release;
		};
		17CD77DF258B7F220033DE1D /* Debug */ = {
			isa = XCBuildConfiguration;
			buildSettings = {
				ALWAYS_EMBED_SWIFT_STANDARD_LIBRARIES = YES;
				CODE_SIGN_STYLE = Automatic;
				INFOPLIST_FILE = TelstraPOCUITests/Info.plist;
				LD_RUNPATH_SEARCH_PATHS = (
					"$(inherited)",
					"@executable_path/Frameworks",
					"@loader_path/Frameworks",
				);
				PRODUCT_BUNDLE_IDENTIFIER = com.infy.TelstraPOCUITests;
				PRODUCT_NAME = "$(TARGET_NAME)";
				SWIFT_VERSION = 5.0;
				TARGETED_DEVICE_FAMILY = "1,2";
				TEST_TARGET_NAME = TelstraPOC;
			};
			name = Debug;
		};
		17CD77E0258B7F220033DE1D /* Release */ = {
			isa = XCBuildConfiguration;
			buildSettings = {
				ALWAYS_EMBED_SWIFT_STANDARD_LIBRARIES = YES;
				CODE_SIGN_STYLE = Automatic;
				INFOPLIST_FILE = TelstraPOCUITests/Info.plist;
				LD_RUNPATH_SEARCH_PATHS = (
					"$(inherited)",
					"@executable_path/Frameworks",
					"@loader_path/Frameworks",
				);
				PRODUCT_BUNDLE_IDENTIFIER = com.infy.TelstraPOCUITests;
				PRODUCT_NAME = "$(TARGET_NAME)";
				SWIFT_VERSION = 5.0;
				TARGETED_DEVICE_FAMILY = "1,2";
				TEST_TARGET_NAME = TelstraPOC;
			};
			name = Release;
		};
/* End XCBuildConfiguration section */

/* Begin XCConfigurationList section */
		17CD77A9258B7F200033DE1D /* Build configuration list for PBXProject "TelstraPOC" */ = {
			isa = XCConfigurationList;
			buildConfigurations = (
				17CD77D6258B7F220033DE1D /* Debug */,
				17CD77D7258B7F220033DE1D /* Release */,
			);
			defaultConfigurationIsVisible = 0;
			defaultConfigurationName = Release;
		};
		17CD77D8258B7F220033DE1D /* Build configuration list for PBXNativeTarget "TelstraPOC" */ = {
			isa = XCConfigurationList;
			buildConfigurations = (
				17CD77D9258B7F220033DE1D /* Debug */,
				17CD77DA258B7F220033DE1D /* Release */,
			);
			defaultConfigurationIsVisible = 0;
			defaultConfigurationName = Release;
		};
		17CD77DB258B7F220033DE1D /* Build configuration list for PBXNativeTarget "TelstraPOCTests" */ = {
			isa = XCConfigurationList;
			buildConfigurations = (
				17CD77DC258B7F220033DE1D /* Debug */,
				17CD77DD258B7F220033DE1D /* Release */,
			);
			defaultConfigurationIsVisible = 0;
			defaultConfigurationName = Release;
		};
		17CD77DE258B7F220033DE1D /* Build configuration list for PBXNativeTarget "TelstraPOCUITests" */ = {
			isa = XCConfigurationList;
			buildConfigurations = (
				17CD77DF258B7F220033DE1D /* Debug */,
				17CD77E0258B7F220033DE1D /* Release */,
			);
			defaultConfigurationIsVisible = 0;
			defaultConfigurationName = Release;
		};
/* End XCConfigurationList section */

/* Begin XCRemoteSwiftPackageReference section */
		170E8FBE258F375B0086B34F /* XCRemoteSwiftPackageReference "SDWebImage" */ = {
			isa = XCRemoteSwiftPackageReference;
			repositoryURL = "https://github.com/SDWebImage/SDWebImage.git";
			requirement = {
				kind = upToNextMajorVersion;
				minimumVersion = 5.10.0;
			};
		};
		1741C5A4258C8533000EEDC0 /* XCRemoteSwiftPackageReference "Alamofire" */ = {
			isa = XCRemoteSwiftPackageReference;
			repositoryURL = "https://github.com/Alamofire/Alamofire.git";
			requirement = {
				kind = upToNextMajorVersion;
				minimumVersion = 5.4.0;
			};
		};
		1741C5A7258C855B000EEDC0 /* XCRemoteSwiftPackageReference "SnapKit" */ = {
			isa = XCRemoteSwiftPackageReference;
			repositoryURL = "https://github.com/SnapKit/SnapKit.git";
			requirement = {
				kind = upToNextMajorVersion;
				minimumVersion = 5.0.1;
			};
		};
/* End XCRemoteSwiftPackageReference section */

/* Begin XCSwiftPackageProductDependency section */
		170E8FBF258F375C0086B34F /* SDWebImage */ = {
			isa = XCSwiftPackageProductDependency;
			package = 170E8FBE258F375B0086B34F /* XCRemoteSwiftPackageReference "SDWebImage" */;
			productName = SDWebImage;
		};
		1741C5A5258C8533000EEDC0 /* Alamofire */ = {
			isa = XCSwiftPackageProductDependency;
			package = 1741C5A4258C8533000EEDC0 /* XCRemoteSwiftPackageReference "Alamofire" */;
			productName = Alamofire;
		};
		1741C5A8258C855B000EEDC0 /* SnapKit */ = {
			isa = XCSwiftPackageProductDependency;
			package = 1741C5A7258C855B000EEDC0 /* XCRemoteSwiftPackageReference "SnapKit" */;
			productName = SnapKit;
		};
/* End XCSwiftPackageProductDependency section */
	};
	rootObject = 17CD77A6258B7F200033DE1D /* Project object */;
}
